
Microsoft Visual Studio Solution File, Format Version 12.00
# Visual Studio Version 17
VisualStudioVersion = 17.4.33110.190
MinimumVisualStudioVersion = 10.0.40219.1
Project("{9A19103F-16F7-4668-BE54-9A1E7A4F7556}") = "principal", "principal.csproj", "{05699A8F-E8CC-4210-8593-311C25337962}"
EndProject
Global
	GlobalSection(SolutionConfigurationPlatforms) = preSolution
		Debug|Any CPU = Debug|Any CPU
		Release|Any CPU = Release|Any CPU
	EndGlobalSection
	GlobalSection(ProjectConfigurationPlatforms) = postSolution
		{05699A8F-E8CC-4210-8593-311C25337962}.Debug|Any CPU.ActiveCfg = Debug|Any CPU
		{05699A8F-E8CC-4210-8593-311C25337962}.Debug|Any CPU.Build.0 = Debug|Any CPU
		{05699A8F-E8CC-4210-8593-311C25337962}.Release|Any CPU.ActiveCfg = Release|Any CPU
		{05699A8F-E8CC-4210-8593-311C25337962}.Release|Any CPU.Build.0 = Release|Any CPU
	EndGlobalSection
	GlobalSection(SolutionProperties) = preSolution
		HideSolutionNode = FALSE
	EndGlobalSection
	GlobalSection(ExtensibilityGlobals) = postSolution
		SolutionGuid = {663FEE2F-2AD2-4B41-8259-B23918C7EC49}
	EndGlobalSection
EndGlobal
